{
  "version": 4,
  "terraform_version": "1.3.7",
  "serial": 29,
  "lineage": "6f9791d6-dd6e-7bb4-4009-e6083a2dfa02",
  "outputs": {},
  "resources": [
    {
      "mode": "managed",
      "type": "newrelic_one_dashboard",
      "name": "exampledash",
      "provider": "provider[\"registry.terraform.io/newrelic/newrelic\"]",
      "instances": [
        {
          "schema_version": 0,
          "attributes": {
            "account_id": 3868967,
            "description": null,
            "guid": "Mzg2ODk2N3xWSVp8REFTSEJPQVJEfGRhOjMyNzE5OTk",
            "id": "Mzg2ODk2N3xWSVp8REFTSEJPQVJEfGRhOjMyNzE5OTk",
            "name": "user_circuit_breaker_terraform",
            "page": [
              {
                "description": "",
                "guid": "Mzg2ODk2N3xWSVp8REFTSEJPQVJEfDg5NTM2Njc",
                "name": "user_circuit_breaker_terraform",
                "widget_area": [],
                "widget_bar": [],
                "widget_billboard": [
                  {
                    "colors": [],
                    "column": 9,
                    "critical": "",
                    "facet_show_other_series": false,
                    "height": 3,
                    "id": "140275207",
                    "ignore_time_range": false,
                    "legend_enabled": true,
                    "nrql_query": [
                      {
                        "account_id": 3868967,
                        "query": "SELECT count(*) as 'Circuit open' from Log where service = 'user-service' and CB_status = 'open' SINCE 1 day ago"
                      }
                    ],
                    "null_values": [],
                    "row": 1,
                    "title": "Count of circuit open",
                    "units": [],
                    "warning": "",
                    "width": 4,
                    "y_axis_left_max": 0,
                    "y_axis_left_min": 0
                  }
                ],
                "widget_bullet": [],
                "widget_funnel": [],
                "widget_heatmap": [],
                "widget_histogram": [],
                "widget_json": [],
                "widget_line": [
                  {
                    "colors": [],
                    "column": 1,
                    "facet_show_other_series": false,
                    "height": 3,
                    "id": "140275208",
                    "ignore_time_range": false,
                    "legend_enabled": true,
                    "nrql_query": [
                      {
                        "account_id": 3868967,
                        "query": "SELECT count(*) as 'Circuit open'from Log where  service = 'user-service' and CB_status = 'open' since 1 hour ago COMPARE WITH 1 day ago TIMESERIES "
                      }
                    ],
                    "null_values": [],
                    "row": 1,
                    "title": "Compare circuit open count",
                    "units": [],
                    "width": 8,
                    "y_axis_left_max": 0,
                    "y_axis_left_min": 0
                  }
                ],
                "widget_log_table": [],
                "widget_markdown": [],
                "widget_pie": [
                  {
                    "colors": [],
                    "column": 9,
                    "facet_show_other_series": false,
                    "filter_current_dashboard": false,
                    "height": 3,
                    "id": "140275209",
                    "ignore_time_range": false,
                    "legend_enabled": true,
                    "linked_entity_guids": [],
                    "nrql_query": [
                      {
                        "account_id": 3868967,
                        "query": "SELECT count(*) FROM Log FACET CB_target WHERE service = 'user-service' AND CB_status = 'open' SINCE 1 day ago"
                      }
                    ],
                    "null_values": [],
                    "row": 4,
                    "title": "Endpoint which made CB open",
                    "units": [],
                    "width": 4,
                    "y_axis_left_max": 0,
                    "y_axis_left_min": 0
                  }
                ],
                "widget_stacked_bar": [],
                "widget_table": [
                  {
                    "colors": [],
                    "column": 1,
                    "facet_show_other_series": false,
                    "filter_current_dashboard": false,
                    "height": 3,
                    "id": "140275210",
                    "ignore_time_range": false,
                    "legend_enabled": true,
                    "linked_entity_guids": [],
                    "nrql_query": [
                      {
                        "account_id": 3868967,
                        "query": "SELECT CB_status, message, level FROM Log WHERE service = 'user-service' WHERE CB_status IS NOT NULL LIMIT 5 SINCE 1 day ago"
                      }
                    ],
                    "null_values": [],
                    "row": 4,
                    "title": "Latest 5 CB Status, message \u0026 level",
                    "units": [],
                    "width": 8,
                    "y_axis_left_max": 0,
                    "y_axis_left_min": 0
                  }
                ]
              }
            ],
            "permalink": "https://one.newrelic.com/redirect/entity/Mzg2ODk2N3xWSVp8REFTSEJPQVJEfGRhOjMyNzE5OTk",
            "permissions": "public_read_only",
            "variable": []
          },
          "sensitive_attributes": [],
          "private": "bnVsbA=="
        }
      ]
    }
  ],
  "check_results": null
}
